
Microsoft Visual Studio Solution File, Format Version 12.00
# Visual Studio Version 17
VisualStudioVersion = 17.11.35312.102
MinimumVisualStudioVersion = 10.0.40219.1
Project("{FAE04EC0-301F-11D3-BF4B-00C04F79EFBC}") = "Proyecto Calculadora", "Proyecto Calculadora\Proyecto Calculadora.csproj", "{5D6ED451-68E3-46D9-B15F-94B7D8707FC5}"
EndProject
Global
	GlobalSection(SolutionConfigurationPlatforms) = preSolution
		Debug|Any CPU = Debug|Any CPU
		Release|Any CPU = Release|Any CPU
	EndGlobalSection
	GlobalSection(ProjectConfigurationPlatforms) = postSolution
		{5D6ED451-68E3-46D9-B15F-94B7D8707FC5}.Debug|Any CPU.ActiveCfg = Debug|Any CPU
		{5D6ED451-68E3-46D9-B15F-94B7D8707FC5}.Debug|Any CPU.Build.0 = Debug|Any CPU
		{5D6ED451-68E3-46D9-B15F-94B7D8707FC5}.Release|Any CPU.ActiveCfg = Release|Any CPU
		{5D6ED451-68E3-46D9-B15F-94B7D8707FC5}.Release|Any CPU.Build.0 = Release|Any CPU
	EndGlobalSection
	GlobalSection(SolutionProperties) = preSolution
		HideSolutionNode = FALSE
	EndGlobalSection
	GlobalSection(ExtensibilityGlobals) = postSolution
		SolutionGuid = {99078B31-9AFE-4779-BF1F-D3969983BFCC}
	EndGlobalSection
EndGlobal
